
Microsoft Visual Studio Solution File, Format Version 12.00
# Visual Studio 2015
Project("{FAE04EC0-301F-11D3-BF4B-00C04F79EFBC}") = "Racing Game.CSharp.Plugins", "Racing Game.CSharp.Plugins.csproj", "{C414E9E2-064F-2B6D-E240-0952207BC155}"
EndProject
Project("{FAE04EC0-301F-11D3-BF4B-00C04F79EFBC}") = "Racing Game.CSharp", "Racing Game.CSharp.csproj", "{A64B6A43-BD7B-4270-D2DC-DB49B102F4F4}"
EndProject
Global
	GlobalSection(SolutionConfigurationPlatforms) = preSolution
		Debug|Any CPU = Debug|Any CPU
		Release|Any CPU = Release|Any CPU
	EndGlobalSection
	GlobalSection(ProjectConfigurationPlatforms) = postSolution
		{C414E9E2-064F-2B6D-E240-0952207BC155}.Debug|Any CPU.ActiveCfg = Debug|Any CPU
		{C414E9E2-064F-2B6D-E240-0952207BC155}.Debug|Any CPU.Build.0 = Debug|Any CPU
		{C414E9E2-064F-2B6D-E240-0952207BC155}.Release|Any CPU.ActiveCfg = Release|Any CPU
		{C414E9E2-064F-2B6D-E240-0952207BC155}.Release|Any CPU.Build.0 = Release|Any CPU
		{A64B6A43-BD7B-4270-D2DC-DB49B102F4F4}.Debug|Any CPU.ActiveCfg = Debug|Any CPU
		{A64B6A43-BD7B-4270-D2DC-DB49B102F4F4}.Debug|Any CPU.Build.0 = Debug|Any CPU
		{A64B6A43-BD7B-4270-D2DC-DB49B102F4F4}.Release|Any CPU.ActiveCfg = Release|Any CPU
		{A64B6A43-BD7B-4270-D2DC-DB49B102F4F4}.Release|Any CPU.Build.0 = Release|Any CPU
	EndGlobalSection
	GlobalSection(SolutionProperties) = preSolution
		HideSolutionNode = FALSE
	EndGlobalSection
EndGlobal
